
Microsoft Visual Studio Solution File, Format Version 12.00
# Visual Studio 15
VisualStudioVersion = 15.0.27703.2026
MinimumVisualStudioVersion = 10.0.40219.1
Project("{FAE04EC0-301F-11D3-BF4B-00C04F79EFBC}") = "SimpleTemplate.Business", "SimpleTemplate.Business\SimpleTemplate.Business.csproj", "{B4F94F00-9ACF-424F-8F2C-E30F70A0A606}"
EndProject
Project("{FAE04EC0-301F-11D3-BF4B-00C04F79EFBC}") = "SimpleTest.UnitTests", "SimpleTest.UnitTests\SimpleTest.UnitTests.csproj", "{D1666176-042F-4561-8DF3-19D790ED3024}"
EndProject
Project("{FAE04EC0-301F-11D3-BF4B-00C04F79EFBC}") = "JSONcompare", "JSONcompare\JSONcompare.csproj", "{FBF83986-B10D-4516-80BF-09957378C4C7}"
EndProject
Global
	GlobalSection(SolutionConfigurationPlatforms) = preSolution
		Debug|Any CPU = Debug|Any CPU
		Release|Any CPU = Release|Any CPU
	EndGlobalSection
	GlobalSection(ProjectConfigurationPlatforms) = postSolution
		{B4F94F00-9ACF-424F-8F2C-E30F70A0A606}.Debug|Any CPU.ActiveCfg = Debug|Any CPU
		{B4F94F00-9ACF-424F-8F2C-E30F70A0A606}.Debug|Any CPU.Build.0 = Debug|Any CPU
		{B4F94F00-9ACF-424F-8F2C-E30F70A0A606}.Release|Any CPU.ActiveCfg = Release|Any CPU
		{B4F94F00-9ACF-424F-8F2C-E30F70A0A606}.Release|Any CPU.Build.0 = Release|Any CPU
		{D1666176-042F-4561-8DF3-19D790ED3024}.Debug|Any CPU.ActiveCfg = Debug|Any CPU
		{D1666176-042F-4561-8DF3-19D790ED3024}.Debug|Any CPU.Build.0 = Debug|Any CPU
		{D1666176-042F-4561-8DF3-19D790ED3024}.Release|Any CPU.ActiveCfg = Release|Any CPU
		{D1666176-042F-4561-8DF3-19D790ED3024}.Release|Any CPU.Build.0 = Release|Any CPU
		{FBF83986-B10D-4516-80BF-09957378C4C7}.Debug|Any CPU.ActiveCfg = Debug|Any CPU
		{FBF83986-B10D-4516-80BF-09957378C4C7}.Debug|Any CPU.Build.0 = Debug|Any CPU
		{FBF83986-B10D-4516-80BF-09957378C4C7}.Release|Any CPU.ActiveCfg = Release|Any CPU
		{FBF83986-B10D-4516-80BF-09957378C4C7}.Release|Any CPU.Build.0 = Release|Any CPU
	EndGlobalSection
	GlobalSection(SolutionProperties) = preSolution
		HideSolutionNode = FALSE
	EndGlobalSection
	GlobalSection(ExtensibilityGlobals) = postSolution
		SolutionGuid = {D8F32860-B1C4-4F78-86C1-25FFDCE9F279}
	EndGlobalSection
EndGlobal
